
Microsoft Visual Studio Solution File, Format Version 12.00
# Visual Studio 2013
VisualStudioVersion = 12.0.40629.0
MinimumVisualStudioVersion = 10.0.40219.1
Project("{FAE04EC0-301F-11D3-BF4B-00C04F79EFBC}") = "Kartverket.Geosynkronisering.Subscriber.BL", "Kartverket.Geosynkronisering.Subscriber.BL\Kartverket.Geosynkronisering.Subscriber.BL.csproj", "{3F73145A-EC85-42AF-A44E-80C17370BAF6}"
EndProject
Project("{FAE04EC0-301F-11D3-BF4B-00C04F79EFBC}") = "Kartverket.Geosynkronisering.Subscriber.DL", "Kartverket.Geosynkronisering.Subscriber.DL\Kartverket.Geosynkronisering.Subscriber.DL.csproj", "{680DA92D-1F96-4FEB-87EC-52140FAFFD69}"
EndProject
Project("{FAE04EC0-301F-11D3-BF4B-00C04F79EFBC}") = "Kartverket.Geosynkronisering.Subscriber", "Kartverket.Geosynkronisering.Subscriber\Kartverket.Geosynkronisering.Subscriber.csproj", "{4661005E-1CAB-4953-81E0-5A5A78BBDBB5}"
EndProject
Project("{FAE04EC0-301F-11D3-BF4B-00C04F79EFBC}") = "Kartverket.Geosynkronisering.Subscriber.Test", "Kartverket.Geosynkronisering.Subscriber.Test\Kartverket.Geosynkronisering.Subscriber.Test.csproj", "{C3CA34BD-8DF2-41FC-AE46-1837D8121D04}"
EndProject
Global
	GlobalSection(TeamFoundationVersionControl) = preSolution
		SccNumberOfProjects = 5
		SccEnterpriseProvider = {4CA58AB2-18FA-4F8D-95D4-32DDF27D184C}
		SccTeamFoundationServer = https://tfs.codeplex.com/tfs/tfs12
		SccLocalPath0 = .
		SccProjectUniqueName1 = Kartverket.Geosynkronisering.Subscriber.BL\\Kartverket.Geosynkronisering.Subscriber.BL.csproj
		SccProjectName1 = Kartverket.Geosynkronisering.Subscriber.BL
		SccLocalPath1 = Kartverket.Geosynkronisering.Subscriber.BL
		SccProjectUniqueName2 = Kartverket.Geosynkronisering.Subscriber.DL\\Kartverket.Geosynkronisering.Subscriber.DL.csproj
		SccProjectName2 = Kartverket.Geosynkronisering.Subscriber.DL
		SccLocalPath2 = Kartverket.Geosynkronisering.Subscriber.DL
		SccProjectUniqueName3 = Kartverket.Geosynkronisering.Subscriber\\Kartverket.Geosynkronisering.Subscriber.csproj
		SccProjectName3 = Kartverket.Geosynkronisering.Subscriber
		SccLocalPath3 = Kartverket.Geosynkronisering.Subscriber
		SccProjectUniqueName4 = Kartverket.Geosynkronisering.Subscriber.Test\\Kartverket.Geosynkronisering.Subscriber.Test.csproj
		SccProjectName4 = Kartverket.Geosynkronisering.Subscriber.Test
		SccLocalPath4 = Kartverket.Geosynkronisering.Subscriber.Test
	EndGlobalSection
	GlobalSection(SolutionConfigurationPlatforms) = preSolution
		Debug|Any CPU = Debug|Any CPU
		Release|Any CPU = Release|Any CPU
	EndGlobalSection
	GlobalSection(ProjectConfigurationPlatforms) = postSolution
		{3F73145A-EC85-42AF-A44E-80C17370BAF6}.Debug|Any CPU.ActiveCfg = Debug|Any CPU
		{3F73145A-EC85-42AF-A44E-80C17370BAF6}.Debug|Any CPU.Build.0 = Debug|Any CPU
		{3F73145A-EC85-42AF-A44E-80C17370BAF6}.Release|Any CPU.ActiveCfg = Release|Any CPU
		{3F73145A-EC85-42AF-A44E-80C17370BAF6}.Release|Any CPU.Build.0 = Release|Any CPU
		{680DA92D-1F96-4FEB-87EC-52140FAFFD69}.Debug|Any CPU.ActiveCfg = Debug|Any CPU
		{680DA92D-1F96-4FEB-87EC-52140FAFFD69}.Debug|Any CPU.Build.0 = Debug|Any CPU
		{680DA92D-1F96-4FEB-87EC-52140FAFFD69}.Release|Any CPU.ActiveCfg = Release|Any CPU
		{680DA92D-1F96-4FEB-87EC-52140FAFFD69}.Release|Any CPU.Build.0 = Release|Any CPU
		{4661005E-1CAB-4953-81E0-5A5A78BBDBB5}.Debug|Any CPU.ActiveCfg = Debug|Any CPU
		{4661005E-1CAB-4953-81E0-5A5A78BBDBB5}.Debug|Any CPU.Build.0 = Debug|Any CPU
		{4661005E-1CAB-4953-81E0-5A5A78BBDBB5}.Release|Any CPU.ActiveCfg = Release|Any CPU
		{4661005E-1CAB-4953-81E0-5A5A78BBDBB5}.Release|Any CPU.Build.0 = Release|Any CPU
		{C3CA34BD-8DF2-41FC-AE46-1837D8121D04}.Debug|Any CPU.ActiveCfg = Debug|Any CPU
		{C3CA34BD-8DF2-41FC-AE46-1837D8121D04}.Debug|Any CPU.Build.0 = Debug|Any CPU
		{C3CA34BD-8DF2-41FC-AE46-1837D8121D04}.Release|Any CPU.ActiveCfg = Release|Any CPU
		{C3CA34BD-8DF2-41FC-AE46-1837D8121D04}.Release|Any CPU.Build.0 = Release|Any CPU
	EndGlobalSection
	GlobalSection(SolutionProperties) = preSolution
		HideSolutionNode = FALSE
	EndGlobalSection
EndGlobal
