
Microsoft Visual Studio Solution File, Format Version 12.00
# Visual Studio Version 16
VisualStudioVersion = 16.0.29609.76
MinimumVisualStudioVersion = 10.0.40219.1
Project("{9A19103F-16F7-4668-BE54-9A1E7A4F7556}") = "Kartverket.Geosynkronisering.Subscriber.DL", "Kartverket.Geosynkronisering.Subscriber.DL\Kartverket.Geosynkronisering.Subscriber.DL.csproj", "{1B724539-01BE-47B4-A902-EBF705969A10}"
EndProject
Project("{9A19103F-16F7-4668-BE54-9A1E7A4F7556}") = "Kartverket.Geosynkronisering.Subscriber.BL", "Kartverket.Geosynkronisering.Subscriber.BL\Kartverket.Geosynkronisering.Subscriber.BL.csproj", "{B2CB88BC-2248-4287-B4DF-0D3DB736C07F}"
EndProject
Project("{FAE04EC0-301F-11D3-BF4B-00C04F79EFBC}") = "Kartverket.Geosynkronisering.Subscriber", "Kartverket.Geosynkronisering.Subscriber\Kartverket.Geosynkronisering.Subscriber.csproj", "{4D4983E4-A02F-4B05-A006-787A7B13988B}"
EndProject
Global
	GlobalSection(SolutionConfigurationPlatforms) = preSolution
		Debug|Any CPU = Debug|Any CPU
		Release|Any CPU = Release|Any CPU
	EndGlobalSection
	GlobalSection(ProjectConfigurationPlatforms) = postSolution
		{1B724539-01BE-47B4-A902-EBF705969A10}.Debug|Any CPU.ActiveCfg = Debug|Any CPU
		{1B724539-01BE-47B4-A902-EBF705969A10}.Debug|Any CPU.Build.0 = Debug|Any CPU
		{1B724539-01BE-47B4-A902-EBF705969A10}.Release|Any CPU.ActiveCfg = Release|Any CPU
		{1B724539-01BE-47B4-A902-EBF705969A10}.Release|Any CPU.Build.0 = Release|Any CPU
		{B2CB88BC-2248-4287-B4DF-0D3DB736C07F}.Debug|Any CPU.ActiveCfg = Debug|Any CPU
		{B2CB88BC-2248-4287-B4DF-0D3DB736C07F}.Debug|Any CPU.Build.0 = Debug|Any CPU
		{B2CB88BC-2248-4287-B4DF-0D3DB736C07F}.Release|Any CPU.ActiveCfg = Release|Any CPU
		{B2CB88BC-2248-4287-B4DF-0D3DB736C07F}.Release|Any CPU.Build.0 = Release|Any CPU
		{4D4983E4-A02F-4B05-A006-787A7B13988B}.Debug|Any CPU.ActiveCfg = Debug|Any CPU
		{4D4983E4-A02F-4B05-A006-787A7B13988B}.Debug|Any CPU.Build.0 = Debug|Any CPU
		{4D4983E4-A02F-4B05-A006-787A7B13988B}.Release|Any CPU.ActiveCfg = Release|Any CPU
		{4D4983E4-A02F-4B05-A006-787A7B13988B}.Release|Any CPU.Build.0 = Release|Any CPU
	EndGlobalSection
	GlobalSection(SolutionProperties) = preSolution
		HideSolutionNode = FALSE
	EndGlobalSection
	GlobalSection(ExtensibilityGlobals) = postSolution
		SolutionGuid = {105A8797-E898-445C-A455-0438555FEE5C}
	EndGlobalSection
EndGlobal
